// !$*UTF8*$!
{
	archiveVersion = 1;
	classes = {
	};
	objectVersion = 46;
	objects = {

/* Begin PBXBuildFile section */
		B05925561ED48D6A00B56E5F /* main.cpp in Sources */ = {isa = PBXBuildFile; fileRef = B05925551ED48D6A00B56E5F /* main.cpp */; };
		B059255E1ED48DB500B56E5F /* VixCalc.cpp in Sources */ = {isa = PBXBuildFile; fileRef = B059255C1ED48DB500B56E5F /* VixCalc.cpp */; };
		B05925611ED48E4F00B56E5F /* OrderBook.cpp in Sources */ = {isa = PBXBuildFile; fileRef = B059255F1ED48E4F00B56E5F /* OrderBook.cpp */; };
		B070B85D1EDB43AE00A52558 /* OrderBookTest.cpp in Sources */ = {isa = PBXBuildFile; fileRef = B070B85B1EDB43AE00A52558 /* OrderBookTest.cpp */; };
/* End PBXBuildFile section */

/* Begin PBXCopyFilesBuildPhase section */
		B05925501ED48D6A00B56E5F /* CopyFiles */ = {
			isa = PBXCopyFilesBuildPhase;
			buildActionMask = 2147483647;
			dstPath = /usr/share/man/man1/;
			dstSubfolderSpec = 0;
			files = (
			);
			runOnlyForDeploymentPostprocessing = 1;
		};
/* End PBXCopyFilesBuildPhase section */

/* Begin PBXFileReference section */
		B05925521ED48D6A00B56E5F /* VIXCalc */ = {isa = PBXFileReference; explicitFileType = "compiled.mach-o.executable"; includeInIndex = 0; path = VIXCalc; sourceTree = BUILT_PRODUCTS_DIR; };
		B05925551ED48D6A00B56E5F /* main.cpp */ = {isa = PBXFileReference; lastKnownFileType = sourcecode.cpp.cpp; path = main.cpp; sourceTree = "<group>"; };
		B059255C1ED48DB500B56E5F /* VixCalc.cpp */ = {isa = PBXFileReference; fileEncoding = 4; lastKnownFileType = sourcecode.cpp.cpp; path = VixCalc.cpp; sourceTree = "<group>"; };
		B059255D1ED48DB500B56E5F /* VixCalc.hpp */ = {isa = PBXFileReference; fileEncoding = 4; lastKnownFileType = sourcecode.cpp.h; path = VixCalc.hpp; sourceTree = "<group>"; };
		B059255F1ED48E4F00B56E5F /* OrderBook.cpp */ = {isa = PBXFileReference; fileEncoding = 4; lastKnownFileType = sourcecode.cpp.cpp; path = OrderBook.cpp; sourceTree = "<group>"; };
		B05925601ED48E4F00B56E5F /* OrderBook.hpp */ = {isa = PBXFileReference; fileEncoding = 4; lastKnownFileType = sourcecode.cpp.h; path = OrderBook.hpp; sourceTree = "<group>"; };
		B070B85B1EDB43AE00A52558 /* OrderBookTest.cpp */ = {isa = PBXFileReference; fileEncoding = 4; lastKnownFileType = sourcecode.cpp.cpp; path = OrderBookTest.cpp; sourceTree = "<group>"; };
		B070B85C1EDB43AE00A52558 /* OrderBookTest.hpp */ = {isa = PBXFileReference; fileEncoding = 4; lastKnownFileType = sourcecode.cpp.h; path = OrderBookTest.hpp; sourceTree = "<group>"; };
/* End PBXFileReference section */

/* Begin PBXFrameworksBuildPhase section */
		B059254F1ED48D6A00B56E5F /* Frameworks */ = {
			isa = PBXFrameworksBuildPhase;
			buildActionMask = 2147483647;
			files = (
			);
			runOnlyForDeploymentPostprocessing = 0;
		};
/* End PBXFrameworksBuildPhase section */

/* Begin PBXGroup section */
		B05925491ED48D6A00B56E5F = {
			isa = PBXGroup;
			children = (
				B05925541ED48D6A00B56E5F /* VIXCalc */,
				B05925531ED48D6A00B56E5F /* Products */,
			);
			sourceTree = "<group>";
		};
		B05925531ED48D6A00B56E5F /* Products */ = {
			isa = PBXGroup;
			children = (
				B05925521ED48D6A00B56E5F /* VIXCalc */,
			);
			name = Products;
			sourceTree = "<group>";
		};
		B05925541ED48D6A00B56E5F /* VIXCalc */ = {
			isa = PBXGroup;
			children = (
				B05925551ED48D6A00B56E5F /* main.cpp */,
				B059255C1ED48DB500B56E5F /* VixCalc.cpp */,
				B059255D1ED48DB500B56E5F /* VixCalc.hpp */,
				B059255F1ED48E4F00B56E5F /* OrderBook.cpp */,
				B05925601ED48E4F00B56E5F /* OrderBook.hpp */,
				B070B85B1EDB43AE00A52558 /* OrderBookTest.cpp */,
				B070B85C1EDB43AE00A52558 /* OrderBookTest.hpp */,
			);
			path = VIXCalc;
			sourceTree = "<group>";
		};
/* End PBXGroup section */

/* Begin PBXNativeTarget section */
		B05925511ED48D6A00B56E5F /* VIXCalc */ = {
			isa = PBXNativeTarget;
			buildConfigurationList = B05925591ED48D6A00B56E5F /* Build configuration list for PBXNativeTarget "VIXCalc" */;
			buildPhases = (
				B059254E1ED48D6A00B56E5F /* Sources */,
				B059254F1ED48D6A00B56E5F /* Frameworks */,
				B05925501ED48D6A00B56E5F /* CopyFiles */,
			);
			buildRules = (
			);
			dependencies = (
			);
			name = VIXCalc;
			productName = VIXCalc;
			productReference = B05925521ED48D6A00B56E5F /* VIXCalc */;
			productType = "com.apple.product-type.tool";
		};
/* End PBXNativeTarget section */

/* Begin PBXProject section */
		B059254A1ED48D6A00B56E5F /* Project object */ = {
			isa = PBXProject;
			attributes = {
				LastUpgradeCheck = 0820;
				ORGANIZATIONNAME = "LINK-US CO., LTD.";
				TargetAttributes = {
					B05925511ED48D6A00B56E5F = {
						CreatedOnToolsVersion = 8.2;
						ProvisioningStyle = Automatic;
					};
				};
			};
			buildConfigurationList = B059254D1ED48D6A00B56E5F /* Build configuration list for PBXProject "VIXCalc" */;
			compatibilityVersion = "Xcode 3.2";
			developmentRegion = English;
			hasScannedForEncodings = 0;
			knownRegions = (
				en,
			);
			mainGroup = B05925491ED48D6A00B56E5F;
			productRefGroup = B05925531ED48D6A00B56E5F /* Products */;
			projectDirPath = "";
			projectRoot = "";
			targets = (
				B05925511ED48D6A00B56E5F /* VIXCalc */,
			);
		};
/* End PBXProject section */

/* Begin PBXSourcesBuildPhase section */
		B059254E1ED48D6A00B56E5F /* Sources */ = {
			isa = PBXSourcesBuildPhase;
			buildActionMask = 2147483647;
			files = (
				B059255E1ED48DB500B56E5F /* VixCalc.cpp in Sources */,
				B05925561ED48D6A00B56E5F /* main.cpp in Sources */,
				B05925611ED48E4F00B56E5F /* OrderBook.cpp in Sources */,
				B070B85D1EDB43AE00A52558 /* OrderBookTest.cpp in Sources */,
			);
			runOnlyForDeploymentPostprocessing = 0;
		};
/* End PBXSourcesBuildPhase section */

/* Begin XCBuildConfiguration section */
		B05925571ED48D6A00B56E5F /* Debug */ = {
			isa = XCBuildConfiguration;
			buildSettings = {
				ALWAYS_SEARCH_USER_PATHS = NO;
				CLANG_ANALYZER_NONNULL = YES;
				CLANG_CXX_LANGUAGE_STANDARD = "gnu++0x";
				CLANG_CXX_LIBRARY = "libc++";
				CLANG_ENABLE_MODULES = YES;
				CLANG_ENABLE_OBJC_ARC = YES;
				CLANG_WARN_BOOL_CONVERSION = YES;
				CLANG_WARN_CONSTANT_CONVERSION = YES;
				CLANG_WARN_DIRECT_OBJC_ISA_USAGE = YES_ERROR;
				CLANG_WARN_DOCUMENTATION_COMMENTS = YES;
				CLANG_WARN_EMPTY_BODY = YES;
				CLANG_WARN_ENUM_CONVERSION = YES;
				CLANG_WARN_INFINITE_RECURSION = YES;
				CLANG_WARN_INT_CONVERSION = YES;
				CLANG_WARN_OBJC_ROOT_CLASS = YES_ERROR;
				CLANG_WARN_SUSPICIOUS_MOVE = YES;
				CLANG_WARN_UNREACHABLE_CODE = YES;
				CLANG_WARN__DUPLICATE_METHOD_MATCH = YES;
				CODE_SIGN_IDENTITY = "-";
				COPY_PHASE_STRIP = NO;
				DEBUG_INFORMATION_FORMAT = dwarf;
				ENABLE_STRICT_OBJC_MSGSEND = YES;
				ENABLE_TESTABILITY = YES;
				GCC_C_LANGUAGE_STANDARD = gnu99;
				GCC_DYNAMIC_NO_PIC = NO;
				GCC_NO_COMMON_BLOCKS = YES;
				GCC_OPTIMIZATION_LEVEL = 0;
				GCC_PREPROCESSOR_DEFINITIONS = (
					"DEBUG=1",
					"$(inherited)",
				);
				GCC_WARN_64_TO_32_BIT_CONVERSION = YES;
				GCC_WARN_ABOUT_RETURN_TYPE = YES_ERROR;
				GCC_WARN_UNDECLARED_SELECTOR = YES;
				GCC_WARN_UNINITIALIZED_AUTOS = YES_AGGRESSIVE;
				GCC_WARN_UNUSED_FUNCTION = YES;
				GCC_WARN_UNUSED_VARIABLE = YES;
				MACOSX_DEPLOYMENT_TARGET = 10.11;
				MTL_ENABLE_DEBUG_INFO = YES;
				ONLY_ACTIVE_ARCH = YES;
				SDKROOT = macosx;
			};
			name = Debug;
		};
		B05925581ED48D6A00B56E5F /* Release */ = {
			isa = XCBuildConfiguration;
			buildSettings = {
				ALWAYS_SEARCH_USER_PATHS = NO;
				CLANG_ANALYZER_NONNULL = YES;
				CLANG_CXX_LANGUAGE_STANDARD = "gnu++0x";
				CLANG_CXX_LIBRARY = "libc++";
				CLANG_ENABLE_MODULES = YES;
				CLANG_ENABLE_OBJC_ARC = YES;
				CLANG_WARN_BOOL_CONVERSION = YES;
				CLANG_WARN_CONSTANT_CONVERSION = YES;
				CLANG_WARN_DIRECT_OBJC_ISA_USAGE = YES_ERROR;
				CLANG_WARN_DOCUMENTATION_COMMENTS = YES;
				CLANG_WARN_EMPTY_BODY = YES;
				CLANG_WARN_ENUM_CONVERSION = YES;
				CLANG_WARN_INFINITE_RECURSION = YES;
				CLANG_WARN_INT_CONVERSION = YES;
				CLANG_WARN_OBJC_ROOT_CLASS = YES_ERROR;
				CLANG_WARN_SUSPICIOUS_MOVE = YES;
				CLANG_WARN_UNREACHABLE_CODE = YES;
				CLANG_WARN__DUPLICATE_METHOD_MATCH = YES;
				CODE_SIGN_IDENTITY = "-";
				COPY_PHASE_STRIP = NO;
				DEBUG_INFORMATION_FORMAT = "dwarf-with-dsym";
				ENABLE_NS_ASSERTIONS = NO;
				ENABLE_STRICT_OBJC_MSGSEND = YES;
				GCC_C_LANGUAGE_STANDARD = gnu99;
				GCC_NO_COMMON_BLOCKS = YES;
				GCC_WARN_64_TO_32_BIT_CONVERSION = YES;
				GCC_WARN_ABOUT_RETURN_TYPE = YES_ERROR;
				GCC_WARN_UNDECLARED_SELECTOR = YES;
				GCC_WARN_UNINITIALIZED_AUTOS = YES_AGGRESSIVE;
				GCC_WARN_UNUSED_FUNCTION = YES;
				GCC_WARN_UNUSED_VARIABLE = YES;
				MACOSX_DEPLOYMENT_TARGET = 10.11;
				MTL_ENABLE_DEBUG_INFO = NO;
				SDKROOT = macosx;
			};
			name = Release;
		};
		B059255A1ED48D6A00B56E5F /* Debug */ = {
			isa = XCBuildConfiguration;
			buildSettings = {
				PRODUCT_NAME = "$(TARGET_NAME)";
			};
			name = Debug;
		};
		B059255B1ED48D6A00B56E5F /* Release */ = {
			isa = XCBuildConfiguration;
			buildSettings = {
				PRODUCT_NAME = "$(TARGET_NAME)";
			};
			name = Release;
		};
/* End XCBuildConfiguration section */

/* Begin XCConfigurationList section */
		B059254D1ED48D6A00B56E5F /* Build configuration list for PBXProject "VIXCalc" */ = {
			isa = XCConfigurationList;
			buildConfigurations = (
				B05925571ED48D6A00B56E5F /* Debug */,
				B05925581ED48D6A00B56E5F /* Release */,
			);
			defaultConfigurationIsVisible = 0;
			defaultConfigurationName = Release;
		};
		B05925591ED48D6A00B56E5F /* Build configuration list for PBXNativeTarget "VIXCalc" */ = {
			isa = XCConfigurationList;
			buildConfigurations = (
				B059255A1ED48D6A00B56E5F /* Debug */,
				B059255B1ED48D6A00B56E5F /* Release */,
			);
			defaultConfigurationIsVisible = 0;
			defaultConfigurationName = Release;
		};
/* End XCConfigurationList section */
	};
	rootObject = B059254A1ED48D6A00B56E5F /* Project object */;
}
